
Microsoft Visual Studio Solution File, Format Version 12.00
# Visual Studio Version 16
VisualStudioVersion = 16.0.29306.81
MinimumVisualStudioVersion = 10.0.40219.1
Project("{FAE04EC0-301F-11D3-BF4B-00C04F79EFBC}") = "Ebay View Bot", "Ebay View Bot\Ebay View Bot.csproj", "{1F169E96-4D2F-4ECA-AAB3-A33869F309A8}"
EndProject
Global
	GlobalSection(SolutionConfigurationPlatforms) = preSolution
		Debug|Any CPU = Debug|Any CPU
		Release|Any CPU = Release|Any CPU
	EndGlobalSection
	GlobalSection(ProjectConfigurationPlatforms) = postSolution
		{1F169E96-4D2F-4ECA-AAB3-A33869F309A8}.Debug|Any CPU.ActiveCfg = Debug|Any CPU
		{1F169E96-4D2F-4ECA-AAB3-A33869F309A8}.Debug|Any CPU.Build.0 = Debug|Any CPU
		{1F169E96-4D2F-4ECA-AAB3-A33869F309A8}.Release|Any CPU.ActiveCfg = Release|Any CPU
		{1F169E96-4D2F-4ECA-AAB3-A33869F309A8}.Release|Any CPU.Build.0 = Release|Any CPU
	EndGlobalSection
	GlobalSection(SolutionProperties) = preSolution
		HideSolutionNode = FALSE
	EndGlobalSection
	GlobalSection(ExtensibilityGlobals) = postSolution
		SolutionGuid = {A19C1315-710E-477C-A5A3-A404662AA97F}
	EndGlobalSection
EndGlobal
